{
  "nodes": {
    "home-manager": {
      "inputs": {
        "nixpkgs": [
          "nixpkgs"
        ],
        "utils": "utils"
      },
      "locked": {
        "lastModified": 1664983332,
        "narHash": "sha256-KyQvgFRwk3qW3Qr+lO5UDqfpST/HaCJY1yB7wPgPUqo=",
        "owner": "nix-community",
        "repo": "home-manager",
        "rev": "1a8e35d2e53ed2ccd9818fad9c9478d56c655661",
        "type": "github"
      },
      "original": {
        "owner": "nix-community",
        "repo": "home-manager",
        "type": "github"
      }
    },
    "nixpkgs": {
      "locked": {
        "lastModified": 1664859869,
        "narHash": "sha256-OPM2eN7Ja8iZVJMhHH+dTB4v2fn7FLX38rSLLHvyWj0=",
        "owner": "NixOS",
        "repo": "nixpkgs",
        "rev": "490a05c4a82236a86e1e1a4822f714c972e8c4f0",
        "type": "github"
      },
      "original": {
        "owner": "NixOS",
        "ref": "nixos-unstable-small",
        "repo": "nixpkgs",
        "type": "github"
      }
    },
    "root": {
      "inputs": {
        "home-manager": "home-manager",
        "nixpkgs": "nixpkgs"
      }
    },
    "utils": {
      "locked": {
        "lastModified": 1659877975,
        "narHash": "sha256-zllb8aq3YO3h8B/U0/J1WBgAL8EX5yWf5pMj3G0NAmc=",
        "owner": "numtide",
        "repo": "flake-utils",
        "rev": "c0e246b9b83f637f4681389ecabcb2681b4f3af0",
        "type": "github"
      },
      "original": {
        "owner": "numtide",
        "repo": "flake-utils",
        "type": "github"
      }
    }
  },
  "root": "root",
  "version": 7
}
